// !$*UTF8*$!
{
	archiveVersion = 1;
	classes = {
	};
	objectVersion = 50;
	objects = {

/* Begin PBXBuildFile section */
		CEC84F94254516CD00FB42AA /* AppDelegate.swift in Sources */ = {isa = PBXBuildFile; fileRef = CEC84F93254516CD00FB42AA /* AppDelegate.swift */; };
		CEC84F96254516CD00FB42AA /* SceneDelegate.swift in Sources */ = {isa = PBXBuildFile; fileRef = CEC84F95254516CD00FB42AA /* SceneDelegate.swift */; };
		CEC84F98254516CD00FB42AA /* ViewController.swift in Sources */ = {isa = PBXBuildFile; fileRef = CEC84F97254516CD00FB42AA /* ViewController.swift */; };
		CEC84F9B254516CD00FB42AA /* Main.storyboard in Resources */ = {isa = PBXBuildFile; fileRef = CEC84F99254516CD00FB42AA /* Main.storyboard */; };
		CEC84F9D254516CD00FB42AA /* Assets.xcassets in Resources */ = {isa = PBXBuildFile; fileRef = CEC84F9C254516CD00FB42AA /* Assets.xcassets */; };
		CEC84FA0254516CD00FB42AA /* LaunchScreen.storyboard in Resources */ = {isa = PBXBuildFile; fileRef = CEC84F9E254516CD00FB42AA /* LaunchScreen.storyboard */; };
/* End PBXBuildFile section */

/* Begin PBXFileReference section */
		CEC84F90254516CD00FB42AA /* StackViewExercise.app */ = {isa = PBXFileReference; explicitFileType = wrapper.application; includeInIndex = 0; path = StackViewExercise.app; sourceTree = BUILT_PRODUCTS_DIR; };
		CEC84F93254516CD00FB42AA /* AppDelegate.swift */ = {isa = PBXFileReference; lastKnownFileType = sourcecode.swift; path = AppDelegate.swift; sourceTree = "<group>"; };
		CEC84F95254516CD00FB42AA /* SceneDelegate.swift */ = {isa = PBXFileReference; lastKnownFileType = sourcecode.swift; path = SceneDelegate.swift; sourceTree = "<group>"; };
		CEC84F97254516CD00FB42AA /* ViewController.swift */ = {isa = PBXFileReference; lastKnownFileType = sourcecode.swift; path = ViewController.swift; sourceTree = "<group>"; };
		CEC84F9A254516CD00FB42AA /* Base */ = {isa = PBXFileReference; lastKnownFileType = file.storyboard; name = Base; path = Base.lproj/Main.storyboard; sourceTree = "<group>"; };
		CEC84F9C254516CD00FB42AA /* Assets.xcassets */ = {isa = PBXFileReference; lastKnownFileType = folder.assetcatalog; path = Assets.xcassets; sourceTree = "<group>"; };
		CEC84F9F254516CD00FB42AA /* Base */ = {isa = PBXFileReference; lastKnownFileType = file.storyboard; name = Base; path = Base.lproj/LaunchScreen.storyboard; sourceTree = "<group>"; };
		CEC84FA1254516CD00FB42AA /* Info.plist */ = {isa = PBXFileReference; lastKnownFileType = text.plist.xml; path = Info.plist; sourceTree = "<group>"; };
/* End PBXFileReference section */

/* Begin PBXFrameworksBuildPhase section */
		CEC84F8D254516CD00FB42AA /* Frameworks */ = {
			isa = PBXFrameworksBuildPhase;
			buildActionMask = 2147483647;
			files = (
			);
			runOnlyForDeploymentPostprocessing = 0;
		};
/* End PBXFrameworksBuildPhase section */

/* Begin PBXGroup section */
		CEC84F87254516CD00FB42AA = {
			isa = PBXGroup;
			children = (
				CEC84F92254516CD00FB42AA /* StackViewExercise */,
				CEC84F91254516CD00FB42AA /* Products */,
			);
			sourceTree = "<group>";
		};
		CEC84F91254516CD00FB42AA /* Products */ = {
			isa = PBXGroup;
			children = (
				CEC84F90254516CD00FB42AA /* StackViewExercise.app */,
			);
			name = Products;
			sourceTree = "<group>";
		};
		CEC84F92254516CD00FB42AA /* StackViewExercise */ = {
			isa = PBXGroup;
			children = (
				CEC84F93254516CD00FB42AA /* AppDelegate.swift */,
				CEC84F95254516CD00FB42AA /* SceneDelegate.swift */,
				CEC84F97254516CD00FB42AA /* ViewController.swift */,
				CEC84F99254516CD00FB42AA /* Main.storyboard */,
				CEC84F9C254516CD00FB42AA /* Assets.xcassets */,
				CEC84F9E254516CD00FB42AA /* LaunchScreen.storyboard */,
				CEC84FA1254516CD00FB42AA /* Info.plist */,
			);
			path = StackViewExercise;
			sourceTree = "<group>";
		};
/* End PBXGroup section */

/* Begin PBXNativeTarget section */
		CEC84F8F254516CD00FB42AA /* StackViewExercise */ = {
			isa = PBXNativeTarget;
			buildConfigurationList = CEC84FA4254516CD00FB42AA /* Build configuration list for PBXNativeTarget "StackViewExercise" */;
			buildPhases = (
				CEC84F8C254516CD00FB42AA /* Sources */,
				CEC84F8D254516CD00FB42AA /* Frameworks */,
				CEC84F8E254516CD00FB42AA /* Resources */,
			);
			buildRules = (
			);
			dependencies = (
			);
			name = StackViewExercise;
			productName = StackViewExercise;
			productReference = CEC84F90254516CD00FB42AA /* StackViewExercise.app */;
			productType = "com.apple.product-type.application";
		};
/* End PBXNativeTarget section */

/* Begin PBXProject section */
		CEC84F88254516CD00FB42AA /* Project object */ = {
			isa = PBXProject;
			attributes = {
				LastSwiftUpdateCheck = 1210;
				LastUpgradeCheck = 1210;
				TargetAttributes = {
					CEC84F8F254516CD00FB42AA = {
						CreatedOnToolsVersion = 12.1;
					};
				};
			};
			buildConfigurationList = CEC84F8B254516CD00FB42AA /* Build configuration list for PBXProject "StackViewExercise" */;
			compatibilityVersion = "Xcode 9.3";
			developmentRegion = en;
			hasScannedForEncodings = 0;
			knownRegions = (
				en,
				Base,
			);
			mainGroup = CEC84F87254516CD00FB42AA;
			productRefGroup = CEC84F91254516CD00FB42AA /* Products */;
			projectDirPath = "";
			projectRoot = "";
			targets = (
				CEC84F8F254516CD00FB42AA /* StackViewExercise */,
			);
		};
/* End PBXProject section */

/* Begin PBXResourcesBuildPhase section */
		CEC84F8E254516CD00FB42AA /* Resources */ = {
			isa = PBXResourcesBuildPhase;
			buildActionMask = 2147483647;
			files = (
				CEC84FA0254516CD00FB42AA /* LaunchScreen.storyboard in Resources */,
				CEC84F9D254516CD00FB42AA /* Assets.xcassets in Resources */,
				CEC84F9B254516CD00FB42AA /* Main.storyboard in Resources */,
			);
			runOnlyForDeploymentPostprocessing = 0;
		};
/* End PBXResourcesBuildPhase section */

/* Begin PBXSourcesBuildPhase section */
		CEC84F8C254516CD00FB42AA /* Sources */ = {
			isa = PBXSourcesBuildPhase;
			buildActionMask = 2147483647;
			files = (
				CEC84F98254516CD00FB42AA /* ViewController.swift in Sources */,
				CEC84F94254516CD00FB42AA /* AppDelegate.swift in Sources */,
				CEC84F96254516CD00FB42AA /* SceneDelegate.swift in Sources */,
			);
			runOnlyForDeploymentPostprocessing = 0;
		};
/* End PBXSourcesBuildPhase section */

/* Begin PBXVariantGroup section */
		CEC84F99254516CD00FB42AA /* Main.storyboard */ = {
			isa = PBXVariantGroup;
			children = (
				CEC84F9A254516CD00FB42AA /* Base */,
			);
			name = Main.storyboard;
			sourceTree = "<group>";
		};
		CEC84F9E254516CD00FB42AA /* LaunchScreen.storyboard */ = {
			isa = PBXVariantGroup;
			children = (
				CEC84F9F254516CD00FB42AA /* Base */,
			);
			name = LaunchScreen.storyboard;
			sourceTree = "<group>";
		};
/* End PBXVariantGroup section */

/* Begin XCBuildConfiguration section */
		CEC84FA2254516CD00FB42AA /* Debug */ = {
			isa = XCBuildConfiguration;
			buildSettings = {
				ALWAYS_SEARCH_USER_PATHS = NO;
				CLANG_ANALYZER_NONNULL = YES;
				CLANG_ANALYZER_NUMBER_OBJECT_CONVERSION = YES_AGGRESSIVE;
				CLANG_CXX_LANGUAGE_STANDARD = "gnu++14";
				CLANG_CXX_LIBRARY = "libc++";
				CLANG_ENABLE_MODULES = YES;
				CLANG_ENABLE_OBJC_ARC = YES;
				CLANG_ENABLE_OBJC_WEAK = YES;
				CLANG_WARN_BLOCK_CAPTURE_AUTORELEASING = YES;
				CLANG_WARN_BOOL_CONVERSION = YES;
				CLANG_WARN_COMMA = YES;
				CLANG_WARN_CONSTANT_CONVERSION = YES;
				CLANG_WARN_DEPRECATED_OBJC_IMPLEMENTATIONS = YES;
				CLANG_WARN_DIRECT_OBJC_ISA_USAGE = YES_ERROR;
				CLANG_WARN_DOCUMENTATION_COMMENTS = YES;
				CLANG_WARN_EMPTY_BODY = YES;
				CLANG_WARN_ENUM_CONVERSION = YES;
				CLANG_WARN_INFINITE_RECURSION = YES;
				CLANG_WARN_INT_CONVERSION = YES;
				CLANG_WARN_NON_LITERAL_NULL_CONVERSION = YES;
				CLANG_WARN_OBJC_IMPLICIT_RETAIN_SELF = YES;
				CLANG_WARN_OBJC_LITERAL_CONVERSION = YES;
				CLANG_WARN_OBJC_ROOT_CLASS = YES_ERROR;
				CLANG_WARN_QUOTED_INCLUDE_IN_FRAMEWORK_HEADER = YES;
				CLANG_WARN_RANGE_LOOP_ANALYSIS = YES;
				CLANG_WARN_STRICT_PROTOTYPES = YES;
				CLANG_WARN_SUSPICIOUS_MOVE = YES;
				CLANG_WARN_UNGUARDED_AVAILABILITY = YES_AGGRESSIVE;
				CLANG_WARN_UNREACHABLE_CODE = YES;
				CLANG_WARN__DUPLICATE_METHOD_MATCH = YES;
				COPY_PHASE_STRIP = NO;
				DEBUG_INFORMATION_FORMAT = dwarf;
				ENABLE_STRICT_OBJC_MSGSEND = YES;
				ENABLE_TESTABILITY = YES;
				GCC_C_LANGUAGE_STANDARD = gnu11;
				GCC_DYNAMIC_NO_PIC = NO;
				GCC_NO_COMMON_BLOCKS = YES;
				GCC_OPTIMIZATION_LEVEL = 0;
				GCC_PREPROCESSOR_DEFINITIONS = (
					"DEBUG=1",
					"$(inherited)",
				);
				GCC_WARN_64_TO_32_BIT_CONVERSION = YES;
				GCC_WARN_ABOUT_RETURN_TYPE = YES_ERROR;
				GCC_WARN_UNDECLARED_SELECTOR = YES;
				GCC_WARN_UNINITIALIZED_AUTOS = YES_AGGRESSIVE;
				GCC_WARN_UNUSED_FUNCTION = YES;
				GCC_WARN_UNUSED_VARIABLE = YES;
				IPHONEOS_DEPLOYMENT_TARGET = 14.1;
				MTL_ENABLE_DEBUG_INFO = INCLUDE_SOURCE;
				MTL_FAST_MATH = YES;
				ONLY_ACTIVE_ARCH = YES;
				SDKROOT = iphoneos;
				SWIFT_ACTIVE_COMPILATION_CONDITIONS = DEBUG;
				SWIFT_OPTIMIZATION_LEVEL = "-Onone";
			};
			name = Debug;
		};
		CEC84FA3254516CD00FB42AA /* Release */ = {
			isa = XCBuildConfiguration;
			buildSettings = {
				ALWAYS_SEARCH_USER_PATHS = NO;
				CLANG_ANALYZER_NONNULL = YES;
				CLANG_ANALYZER_NUMBER_OBJECT_CONVERSION = YES_AGGRESSIVE;
				CLANG_CXX_LANGUAGE_STANDARD = "gnu++14";
				CLANG_CXX_LIBRARY = "libc++";
				CLANG_ENABLE_MODULES = YES;
				CLANG_ENABLE_OBJC_ARC = YES;
				CLANG_ENABLE_OBJC_WEAK = YES;
				CLANG_WARN_BLOCK_CAPTURE_AUTORELEASING = YES;
				CLANG_WARN_BOOL_CONVERSION = YES;
				CLANG_WARN_COMMA = YES;
				CLANG_WARN_CONSTANT_CONVERSION = YES;
				CLANG_WARN_DEPRECATED_OBJC_IMPLEMENTATIONS = YES;
				CLANG_WARN_DIRECT_OBJC_ISA_USAGE = YES_ERROR;
				CLANG_WARN_DOCUMENTATION_COMMENTS = YES;
				CLANG_WARN_EMPTY_BODY = YES;
				CLANG_WARN_ENUM_CONVERSION = YES;
				CLANG_WARN_INFINITE_RECURSION = YES;
				CLANG_WARN_INT_CONVERSION = YES;
				CLANG_WARN_NON_LITERAL_NULL_CONVERSION = YES;
				CLANG_WARN_OBJC_IMPLICIT_RETAIN_SELF = YES;
				CLANG_WARN_OBJC_LITERAL_CONVERSION = YES;
				CLANG_WARN_OBJC_ROOT_CLASS = YES_ERROR;
				CLANG_WARN_QUOTED_INCLUDE_IN_FRAMEWORK_HEADER = YES;
				CLANG_WARN_RANGE_LOOP_ANALYSIS = YES;
				CLANG_WARN_STRICT_PROTOTYPES = YES;
				CLANG_WARN_SUSPICIOUS_MOVE = YES;
				CLANG_WARN_UNGUARDED_AVAILABILITY = YES_AGGRESSIVE;
				CLANG_WARN_UNREACHABLE_CODE = YES;
				CLANG_WARN__DUPLICATE_METHOD_MATCH = YES;
				COPY_PHASE_STRIP = NO;
				DEBUG_INFORMATION_FORMAT = "dwarf-with-dsym";
				ENABLE_NS_ASSERTIONS = NO;
				ENABLE_STRICT_OBJC_MSGSEND = YES;
				GCC_C_LANGUAGE_STANDARD = gnu11;
				GCC_NO_COMMON_BLOCKS = YES;
				GCC_WARN_64_TO_32_BIT_CONVERSION = YES;
				GCC_WARN_ABOUT_RETURN_TYPE = YES_ERROR;
				GCC_WARN_UNDECLARED_SELECTOR = YES;
				GCC_WARN_UNINITIALIZED_AUTOS = YES_AGGRESSIVE;
				GCC_WARN_UNUSED_FUNCTION = YES;
				GCC_WARN_UNUSED_VARIABLE = YES;
				IPHONEOS_DEPLOYMENT_TARGET = 14.1;
				MTL_ENABLE_DEBUG_INFO = NO;
				MTL_FAST_MATH = YES;
				SDKROOT = iphoneos;
				SWIFT_COMPILATION_MODE = wholemodule;
				SWIFT_OPTIMIZATION_LEVEL = "-O";
				VALIDATE_PRODUCT = YES;
			};
			name = Release;
		};
		CEC84FA5254516CD00FB42AA /* Debug */ = {
			isa = XCBuildConfiguration;
			buildSettings = {
				ASSETCATALOG_COMPILER_APPICON_NAME = AppIcon;
				ASSETCATALOG_COMPILER_GLOBAL_ACCENT_COLOR_NAME = AccentColor;
				CODE_SIGN_STYLE = Automatic;
				INFOPLIST_FILE = StackViewExercise/Info.plist;
				LD_RUNPATH_SEARCH_PATHS = (
					"$(inherited)",
					"@executable_path/Frameworks",
				);
				PRODUCT_BUNDLE_IDENTIFIER = com.test.StackViewExercise;
				PRODUCT_NAME = "$(TARGET_NAME)";
				SWIFT_VERSION = 5.0;
				TARGETED_DEVICE_FAMILY = "1,2";
			};
			name = Debug;
		};
		CEC84FA6254516CD00FB42AA /* Release */ = {
			isa = XCBuildConfiguration;
			buildSettings = {
				ASSETCATALOG_COMPILER_APPICON_NAME = AppIcon;
				ASSETCATALOG_COMPILER_GLOBAL_ACCENT_COLOR_NAME = AccentColor;
				CODE_SIGN_STYLE = Automatic;
				INFOPLIST_FILE = StackViewExercise/Info.plist;
				LD_RUNPATH_SEARCH_PATHS = (
					"$(inherited)",
					"@executable_path/Frameworks",
				);
				PRODUCT_BUNDLE_IDENTIFIER = com.test.StackViewExercise;
				PRODUCT_NAME = "$(TARGET_NAME)";
				SWIFT_VERSION = 5.0;
				TARGETED_DEVICE_FAMILY = "1,2";
			};
			name = Release;
		};
/* End XCBuildConfiguration section */

/* Begin XCConfigurationList section */
		CEC84F8B254516CD00FB42AA /* Build configuration list for PBXProject "StackViewExercise" */ = {
			isa = XCConfigurationList;
			buildConfigurations = (
				CEC84FA2254516CD00FB42AA /* Debug */,
				CEC84FA3254516CD00FB42AA /* Release */,
			);
			defaultConfigurationIsVisible = 0;
			defaultConfigurationName = Release;
		};
		CEC84FA4254516CD00FB42AA /* Build configuration list for PBXNativeTarget "StackViewExercise" */ = {
			isa = XCConfigurationList;
			buildConfigurations = (
				CEC84FA5254516CD00FB42AA /* Debug */,
				CEC84FA6254516CD00FB42AA /* Release */,
			);
			defaultConfigurationIsVisible = 0;
			defaultConfigurationName = Release;
		};
/* End XCConfigurationList section */
	};
	rootObject = CEC84F88254516CD00FB42AA /* Project object */;
}
